<?xml version="1.0" encoding="utf-8"?>
<Project ToolsVersion="4.0" xmlns="http://schemas.microsoft.com/developer/msbuild/2003">
  <ItemGroup>
    <ClCompile Include="main.cpp" />
    <ClCompile Include="AVLImp.cpp">
      <Filter>TADs\AVL</Filter>
    </ClCompile>
    <ClCompile Include="NodoAVL.cpp">
      <Filter>TADs\AVL</Filter>
    </ClCompile>
    <ClCompile Include="ComparadorInt.cpp">
      <Filter>TADs\Comparadores</Filter>
    </ClCompile>
  </ItemGroup>
  <ItemGroup>
    <ClInclude Include="AVL.h">
      <Filter>TADs\AVL</Filter>
    </ClInclude>
    <ClInclude Include="AVLImp.h">
      <Filter>TADs\AVL</Filter>
    </ClInclude>
    <ClInclude Include="NodoAVL.h">
      <Filter>TADs\AVL</Filter>
    </ClInclude>
    <ClInclude Include="ComparadorInt.h">
      <Filter>TADs\Comparadores</Filter>
    </ClInclude>
  </ItemGroup>
  <ItemGroup>
    <Filter Include="TADs">
      <UniqueIdentifier>{7750330d-753d-470d-8f5a-131add909339}</UniqueIdentifier>
    </Filter>
    <Filter Include="TADs\Set">
      <UniqueIdentifier>{bae96ffb-9ccf-4f12-917f-10111ea4454a}</UniqueIdentifier>
    </Filter>
    <Filter Include="TADs\Set\Acotado">
      <UniqueIdentifier>{b70a49a1-0074-4d8f-aa6b-a4ce74d30f2f}</UniqueIdentifier>
    </Filter>
    <Filter Include="TADs\Set\NoAcotado">
      <UniqueIdentifier>{64b63581-1a5d-46cd-9945-ae00aa747ff7}</UniqueIdentifier>
    </Filter>
    <Filter Include="TADs\AVL">
      <UniqueIdentifier>{2f36fdde-9cb7-452d-9815-236dcb0b58fe}</UniqueIdentifier>
    </Filter>
    <Filter Include="TADs\Comparadores">
      <UniqueIdentifier>{f7597d34-e193-4518-b9c7-194aa0c46405}</UniqueIdentifier>
    </Filter>
  </ItemGroup>
</Project>